
Microsoft Visual Studio Solution File, Format Version 12.00
# Visual Studio Version 17
VisualStudioVersion = 17.9.34607.119
MinimumVisualStudioVersion = 10.0.40219.1
Project("{FAE04EC0-301F-11D3-BF4B-00C04F79EFBC}") = "RawPlots", "RawPlots\RawPlots.csproj", "{A3A82819-4E99-4C11-B53D-F13A0C10B65B}"
EndProject
Project("{FAE04EC0-301F-11D3-BF4B-00C04F79EFBC}") = "A2D_Tests", "A2D_Tests\A2D_Tests.csproj", "{4DC75C59-7093-4DEA-9F86-79A2D626334B}"
	ProjectSection(ProjectDependencies) = postProject
		{1822E012-21E9-4874-AEE7-D3E089C5668A} = {1822E012-21E9-4874-AEE7-D3E089C5668A}
		{DBA95659-12B7-432A-8C3E-19372AB7F88D} = {DBA95659-12B7-432A-8C3E-19372AB7F88D}
	EndProjectSection
EndProject
Project("{FAE04EC0-301F-11D3-BF4B-00C04F79EFBC}") = "ArduinoSimulator", "ArduinoSimulator\ArduinoSimulator.csproj", "{DBA95659-12B7-432A-8C3E-19372AB7F88D}"
	ProjectSection(ProjectDependencies) = postProject
		{1822E012-21E9-4874-AEE7-D3E089C5668A} = {1822E012-21E9-4874-AEE7-D3E089C5668A}
	EndProjectSection
EndProject
Project("{FAE04EC0-301F-11D3-BF4B-00C04F79EFBC}") = "ArduinoInterface", "ArduinoInterface\ArduinoInterface.csproj", "{1822E012-21E9-4874-AEE7-D3E089C5668A}"
EndProject
Project("{FAE04EC0-301F-11D3-BF4B-00C04F79EFBC}") = "Sonar1Chan", "Sonar1Chan\Sonar1Chan.csproj", "{A163E1B2-44CC-4C72-A492-A59F72C454F7}"
	ProjectSection(ProjectDependencies) = postProject
		{1822E012-21E9-4874-AEE7-D3E089C5668A} = {1822E012-21E9-4874-AEE7-D3E089C5668A}
		{60228AAE-4FC9-4A17-BB4D-40DCE7335CD7} = {60228AAE-4FC9-4A17-BB4D-40DCE7335CD7}
		{DBA95659-12B7-432A-8C3E-19372AB7F88D} = {DBA95659-12B7-432A-8C3E-19372AB7F88D}
	EndProjectSection
EndProject
Project("{FAE04EC0-301F-11D3-BF4B-00C04F79EFBC}") = "SonarCommon", "SonarCommon\SonarCommon.csproj", "{60228AAE-4FC9-4A17-BB4D-40DCE7335CD7}"
EndProject
Project("{FAE04EC0-301F-11D3-BF4B-00C04F79EFBC}") = "FpgaTestDataGen", "FpgaTestDataGen\FpgaTestDataGen.csproj", "{34F0EF40-1446-312E-F302-333269F02CE4}"
EndProject
Project("{FAE04EC0-301F-11D3-BF4B-00C04F79EFBC}") = "UnitTests", "UnitTests\UnitTests.csproj", "{E9CC9D05-6F9E-4342-B45B-7CD4AF8ADA24}"
EndProject
Project("{2150E333-8FDC-42A3-9474-1A3956D46DE8}") = "Solution Items", "Solution Items", "{02EA681E-C7D8-13C7-8484-4AC65E1B71E8}"
	ProjectSection(SolutionItems) = preProject
		.editorconfig = .editorconfig
	EndProjectSection
EndProject
Global
	GlobalSection(SolutionConfigurationPlatforms) = preSolution
		Debug|Any CPU = Debug|Any CPU
		Release|Any CPU = Release|Any CPU
	EndGlobalSection
	GlobalSection(ProjectConfigurationPlatforms) = postSolution
		{A3A82819-4E99-4C11-B53D-F13A0C10B65B}.Debug|Any CPU.ActiveCfg = Debug|Any CPU
		{A3A82819-4E99-4C11-B53D-F13A0C10B65B}.Debug|Any CPU.Build.0 = Debug|Any CPU
		{A3A82819-4E99-4C11-B53D-F13A0C10B65B}.Release|Any CPU.ActiveCfg = Release|Any CPU
		{A3A82819-4E99-4C11-B53D-F13A0C10B65B}.Release|Any CPU.Build.0 = Release|Any CPU
		{4DC75C59-7093-4DEA-9F86-79A2D626334B}.Debug|Any CPU.ActiveCfg = Debug|Any CPU
		{4DC75C59-7093-4DEA-9F86-79A2D626334B}.Debug|Any CPU.Build.0 = Debug|Any CPU
		{4DC75C59-7093-4DEA-9F86-79A2D626334B}.Release|Any CPU.ActiveCfg = Release|Any CPU
		{4DC75C59-7093-4DEA-9F86-79A2D626334B}.Release|Any CPU.Build.0 = Release|Any CPU
		{DBA95659-12B7-432A-8C3E-19372AB7F88D}.Debug|Any CPU.ActiveCfg = Debug|Any CPU
		{DBA95659-12B7-432A-8C3E-19372AB7F88D}.Debug|Any CPU.Build.0 = Debug|Any CPU
		{DBA95659-12B7-432A-8C3E-19372AB7F88D}.Release|Any CPU.ActiveCfg = Release|Any CPU
		{DBA95659-12B7-432A-8C3E-19372AB7F88D}.Release|Any CPU.Build.0 = Release|Any CPU
		{1822E012-21E9-4874-AEE7-D3E089C5668A}.Debug|Any CPU.ActiveCfg = Debug|Any CPU
		{1822E012-21E9-4874-AEE7-D3E089C5668A}.Debug|Any CPU.Build.0 = Debug|Any CPU
		{1822E012-21E9-4874-AEE7-D3E089C5668A}.Release|Any CPU.ActiveCfg = Release|Any CPU
		{1822E012-21E9-4874-AEE7-D3E089C5668A}.Release|Any CPU.Build.0 = Release|Any CPU
		{A163E1B2-44CC-4C72-A492-A59F72C454F7}.Debug|Any CPU.ActiveCfg = Debug|Any CPU
		{A163E1B2-44CC-4C72-A492-A59F72C454F7}.Debug|Any CPU.Build.0 = Debug|Any CPU
		{A163E1B2-44CC-4C72-A492-A59F72C454F7}.Release|Any CPU.ActiveCfg = Release|Any CPU
		{A163E1B2-44CC-4C72-A492-A59F72C454F7}.Release|Any CPU.Build.0 = Release|Any CPU
		{60228AAE-4FC9-4A17-BB4D-40DCE7335CD7}.Debug|Any CPU.ActiveCfg = Debug|Any CPU
		{60228AAE-4FC9-4A17-BB4D-40DCE7335CD7}.Debug|Any CPU.Build.0 = Debug|Any CPU
		{60228AAE-4FC9-4A17-BB4D-40DCE7335CD7}.Release|Any CPU.ActiveCfg = Release|Any CPU
		{60228AAE-4FC9-4A17-BB4D-40DCE7335CD7}.Release|Any CPU.Build.0 = Release|Any CPU
		{34F0EF40-1446-312E-F302-333269F02CE4}.Debug|Any CPU.ActiveCfg = Debug|Any CPU
		{34F0EF40-1446-312E-F302-333269F02CE4}.Debug|Any CPU.Build.0 = Debug|Any CPU
		{34F0EF40-1446-312E-F302-333269F02CE4}.Release|Any CPU.ActiveCfg = Release|Any CPU
		{34F0EF40-1446-312E-F302-333269F02CE4}.Release|Any CPU.Build.0 = Release|Any CPU
		{E9CC9D05-6F9E-4342-B45B-7CD4AF8ADA24}.Debug|Any CPU.ActiveCfg = Debug|Any CPU
		{E9CC9D05-6F9E-4342-B45B-7CD4AF8ADA24}.Debug|Any CPU.Build.0 = Debug|Any CPU
		{E9CC9D05-6F9E-4342-B45B-7CD4AF8ADA24}.Release|Any CPU.ActiveCfg = Release|Any CPU
		{E9CC9D05-6F9E-4342-B45B-7CD4AF8ADA24}.Release|Any CPU.Build.0 = Release|Any CPU
	EndGlobalSection
	GlobalSection(SolutionProperties) = preSolution
		HideSolutionNode = FALSE
	EndGlobalSection
	GlobalSection(ExtensibilityGlobals) = postSolution
		SolutionGuid = {01ABC68B-84CD-4E23-BF9C-F53B6C881530}
	EndGlobalSection
EndGlobal
