
Microsoft Visual Studio Solution File, Format Version 12.00
# Visual Studio Version 17
VisualStudioVersion = 17.9.34607.119
MinimumVisualStudioVersion = 10.0.40219.1
Project("{FAE04EC0-301F-11D3-BF4B-00C04F79EFBC}") = "RawPlots", "RawPlots\RawPlots.csproj", "{A3A82819-4E99-4C11-B53D-F13A0C10B65B}"
EndProject
Project("{FAE04EC0-301F-11D3-BF4B-00C04F79EFBC}") = "A2D_Tests", "A2D_Tests\A2D_Tests.csproj", "{4DC75C59-7093-4DEA-9F86-79A2D626334B}"
EndProject
Project("{FAE04EC0-301F-11D3-BF4B-00C04F79EFBC}") = "ArduinoSimulator", "ArduinoSimulator\ArduinoSimulator.csproj", "{DBA95659-12B7-432A-8C3E-19372AB7F88D}"
EndProject
Global
	GlobalSection(SolutionConfigurationPlatforms) = preSolution
		Debug|Any CPU = Debug|Any CPU
		Release|Any CPU = Release|Any CPU
	EndGlobalSection
	GlobalSection(ProjectConfigurationPlatforms) = postSolution
		{A3A82819-4E99-4C11-B53D-F13A0C10B65B}.Debug|Any CPU.ActiveCfg = Debug|Any CPU
		{A3A82819-4E99-4C11-B53D-F13A0C10B65B}.Debug|Any CPU.Build.0 = Debug|Any CPU
		{A3A82819-4E99-4C11-B53D-F13A0C10B65B}.Release|Any CPU.ActiveCfg = Release|Any CPU
		{A3A82819-4E99-4C11-B53D-F13A0C10B65B}.Release|Any CPU.Build.0 = Release|Any CPU
		{4DC75C59-7093-4DEA-9F86-79A2D626334B}.Debug|Any CPU.ActiveCfg = Debug|Any CPU
		{4DC75C59-7093-4DEA-9F86-79A2D626334B}.Debug|Any CPU.Build.0 = Debug|Any CPU
		{4DC75C59-7093-4DEA-9F86-79A2D626334B}.Release|Any CPU.ActiveCfg = Release|Any CPU
		{4DC75C59-7093-4DEA-9F86-79A2D626334B}.Release|Any CPU.Build.0 = Release|Any CPU
		{DBA95659-12B7-432A-8C3E-19372AB7F88D}.Debug|Any CPU.ActiveCfg = Debug|Any CPU
		{DBA95659-12B7-432A-8C3E-19372AB7F88D}.Debug|Any CPU.Build.0 = Debug|Any CPU
		{DBA95659-12B7-432A-8C3E-19372AB7F88D}.Release|Any CPU.ActiveCfg = Release|Any CPU
		{DBA95659-12B7-432A-8C3E-19372AB7F88D}.Release|Any CPU.Build.0 = Release|Any CPU
	EndGlobalSection
	GlobalSection(SolutionProperties) = preSolution
		HideSolutionNode = FALSE
	EndGlobalSection
	GlobalSection(ExtensibilityGlobals) = postSolution
		SolutionGuid = {01ABC68B-84CD-4E23-BF9C-F53B6C881530}
	EndGlobalSection
EndGlobal
