
Microsoft Visual Studio Solution File, Format Version 12.00
# Visual Studio Version 16
VisualStudioVersion = 16.0.30320.27
MinimumVisualStudioVersion = 10.0.40219.1
Project("{FAE04EC0-301F-11D3-BF4B-00C04F79EFBC}") = "SocketLib", "SocketLib.csproj", "{1054FA27-B02F-4481-9602-4552FCE82F57}"
EndProject
Global
	GlobalSection(SolutionConfigurationPlatforms) = preSolution
		Debug|Any CPU = Debug|Any CPU
		Release|Any CPU = Release|Any CPU
	EndGlobalSection
	GlobalSection(ProjectConfigurationPlatforms) = postSolution
		{1054FA27-B02F-4481-9602-4552FCE82F57}.Debug|Any CPU.ActiveCfg = Debug|Any CPU
		{1054FA27-B02F-4481-9602-4552FCE82F57}.Debug|Any CPU.Build.0 = Debug|Any CPU
		{1054FA27-B02F-4481-9602-4552FCE82F57}.Release|Any CPU.ActiveCfg = Release|Any CPU
		{1054FA27-B02F-4481-9602-4552FCE82F57}.Release|Any CPU.Build.0 = Release|Any CPU
	EndGlobalSection
	GlobalSection(SolutionProperties) = preSolution
		HideSolutionNode = FALSE
	EndGlobalSection
	GlobalSection(ExtensibilityGlobals) = postSolution
		SolutionGuid = {4B324227-5296-4CA7-95A3-2F2D663F104A}
	EndGlobalSection
EndGlobal
